# THIS IS AN AUTOGENERATED FILE. DO NOT EDIT THIS FILE DIRECTLY.
# yarn lockfile v1


commander@^12.0.0:
  version "12.1.0"
  resolved "https://registry.yarnpkg.com/commander/-/commander-12.1.0.tgz#01423b36f501259fdaac4d0e4d60c96c991585d3"
  integrity sha512-Vw8qHK3bZM9y/P10u3Vib8o/DdkvA2OtPtZvD871QKjy74Wj1WSKFILMPRPSdUSx5RFK1arlJzEtA4PkFgnbuA==

eventsource-parser@^3.0.1:
  version "3.0.1"
  resolved "https://registry.yarnpkg.com/eventsource-parser/-/eventsource-parser-3.0.1.tgz#5e358dba9a55ba64ca90da883c4ca35bd82467bd"
  integrity sha512-VARTJ9CYeuQYb0pZEPbzi740OWFgpHe7AYJ2WFZVnUDUQp5Dk2yJUgF36YsZ81cOyxT0QxmXD2EQpapAouzWVA==

eventsource@^3.0.5:
  version "3.0.6"
  resolved "https://registry.yarnpkg.com/eventsource/-/eventsource-3.0.6.tgz#5c4b24cd70c0323eed2651a5ee07bd4bc391e656"
  integrity sha512-l19WpE2m9hSuyP06+FbuUUf1G+R0SFLrtQfbRb9PRr+oimOfxQhgGCbVaXg5IvZyyTThJsxh6L/srkMiCeBPDA==
  dependencies:
    eventsource-parser "^3.0.1"

smee-client@^3.1.1:
  version "3.1.1"
  resolved "https://registry.yarnpkg.com/smee-client/-/smee-client-3.1.1.tgz#1c19178a2647cf34ed3cb1e8e73f59e6374dcae4"
  integrity sha512-2XGrGA83suqtC/Vn1v/MUAPN+hLSYwTiopqjx97tHGzKMBLJYIeCEcch2dfqFLEXInS6U1pm+jwSQFbphLrg9w==
  dependencies:
    commander "^12.0.0"
    eventsource "^3.0.5"
    undici "^6.19.8"
    validator "^13.11.0"

undici@^6.19.8:
  version "6.21.2"
  resolved "https://registry.yarnpkg.com/undici/-/undici-6.21.2.tgz#49c5884e8f9039c65a89ee9018ef3c8e2f1f4928"
  integrity sha512-uROZWze0R0itiAKVPsYhFov9LxrPMHLMEQFszeI2gCN6bnIIZ8twzBCJcN2LJrBBLfrP0t1FW0g+JmKVl8Vk1g==

validator@^13.11.0:
  version "13.15.0"
  resolved "https://registry.yarnpkg.com/validator/-/validator-13.15.0.tgz#2dc7ce057e7513a55585109eec29b2c8e8c1aefd"
  integrity sha512-36B2ryl4+oL5QxZ3AzD0t5SsMNGvTtQHpjgFO5tbNxfXbMFkY822ktCDe1MnlqV3301QQI9SLHDNJokDI+Z9pA==
